# THIS IS AN AUTOGENERATED FILE. DO NOT EDIT THIS FILE DIRECTLY.
# yarn lockfile v1
async:
  version "2.1.4"
  resolved "https://registry.yarnpkg.com/async/-/async-2.1.4.tgz#2d2160c7788032e4dd6cbe2502f1f9a2c8f6cde4"
  dependencies:
    lodash "^4.14.0"

bluebird:
  version "3.4.7"
  resolved "https://registry.yarnpkg.com/bluebird/-/bluebird-3.4.7.tgz#f72d760be09b7f76d08ed8fae98b289a8d05fab3"

lodash, lodash@^4.14.0:
  version "4.17.4"
  resolved "https://registry.yarnpkg.com/lodash/-/lodash-4.17.4.tgz#78203a4d1c328ae1d86dca6460e369b57f4055ae"

msgpack:
  version "1.0.2"
  resolved "https://registry.yarnpkg.com/msgpack/-/msgpack-1.0.2.tgz#923e2c5cffa65c8418e9b228d1124793969c429c"
  dependencies:
    nan "^2.0.9"

nan@^2.0.9:
  version "2.5.0"
  resolved "https://registry.yarnpkg.com/nan/-/nan-2.5.0.tgz#aa8f1e34531d807e9e27755b234b4a6ec0c152a8"

node-uuid:
  version "1.4.7"
  resolved "https://registry.yarnpkg.com/node-uuid/-/node-uuid-1.4.7.tgz#6da5a17668c4b3dd59623bda11cf7fa4c1f60a6f"

